
Microsoft Visual Studio Solution File, Format Version 12.00
# Visual Studio 14
VisualStudioVersion = 14.0.25123.0
MinimumVisualStudioVersion = 10.0.40219.1
Project("{FAE04EC0-301F-11D3-BF4B-00C04F79EFBC}") = "IslandSurvivalGUI", "IslandSurvivalGUI\IslandSurvivalGUI.csproj", "{7B159794-3D1C-4EF1-9C94-D4095AE862E5}"
EndProject
Project("{FAE04EC0-301F-11D3-BF4B-00C04F79EFBC}") = "IslandSurvivalDatatypes", "IslandSurvivalDatatypes\IslandSurvivalDatatypes.csproj", "{2778B09F-DC77-42AD-A01B-40ED25A44623}"
EndProject
Project("{FAE04EC0-301F-11D3-BF4B-00C04F79EFBC}") = "IslandSurvivalDatatypesTests", "IslandSurvivalDatatypesTests\IslandSurvivalDatatypesTests.csproj", "{48E05F65-901B-4287-9A26-F718EECBC463}"
EndProject
Global
	GlobalSection(SolutionConfigurationPlatforms) = preSolution
		Debug|Any CPU = Debug|Any CPU
		Release|Any CPU = Release|Any CPU
	EndGlobalSection
	GlobalSection(ProjectConfigurationPlatforms) = postSolution
		{7B159794-3D1C-4EF1-9C94-D4095AE862E5}.Debug|Any CPU.ActiveCfg = Debug|Any CPU
		{7B159794-3D1C-4EF1-9C94-D4095AE862E5}.Debug|Any CPU.Build.0 = Debug|Any CPU
		{7B159794-3D1C-4EF1-9C94-D4095AE862E5}.Release|Any CPU.ActiveCfg = Release|Any CPU
		{7B159794-3D1C-4EF1-9C94-D4095AE862E5}.Release|Any CPU.Build.0 = Release|Any CPU
		{2778B09F-DC77-42AD-A01B-40ED25A44623}.Debug|Any CPU.ActiveCfg = Debug|Any CPU
		{2778B09F-DC77-42AD-A01B-40ED25A44623}.Debug|Any CPU.Build.0 = Debug|Any CPU
		{2778B09F-DC77-42AD-A01B-40ED25A44623}.Release|Any CPU.ActiveCfg = Release|Any CPU
		{2778B09F-DC77-42AD-A01B-40ED25A44623}.Release|Any CPU.Build.0 = Release|Any CPU
		{48E05F65-901B-4287-9A26-F718EECBC463}.Debug|Any CPU.ActiveCfg = Debug|Any CPU
		{48E05F65-901B-4287-9A26-F718EECBC463}.Debug|Any CPU.Build.0 = Debug|Any CPU
		{48E05F65-901B-4287-9A26-F718EECBC463}.Release|Any CPU.ActiveCfg = Release|Any CPU
		{48E05F65-901B-4287-9A26-F718EECBC463}.Release|Any CPU.Build.0 = Release|Any CPU
	EndGlobalSection
	GlobalSection(SolutionProperties) = preSolution
		HideSolutionNode = FALSE
	EndGlobalSection
EndGlobal
